
Microsoft Visual Studio Solution File, Format Version 12.00
# Visual Studio 15
VisualStudioVersion = 15.0.28307.106
MinimumVisualStudioVersion = 10.0.40219.1
Project("{2150E333-8FDC-42A3-9474-1A3956D46DE8}") = "TaskParallelLibrary", "TaskParallelLibrary", "{53CA1251-8127-4697-A213-DB08723E1DE9}"
EndProject
Project("{9A19103F-16F7-4668-BE54-9A1E7A4F7556}") = "LambdaTests", "LambdasTests\LambdaTests.csproj", "{99389FF3-D808-463C-884A-8DD54B0E949F}"
EndProject
Project("{9A19103F-16F7-4668-BE54-9A1E7A4F7556}") = "ExceptionTests", "ExceptionsTests\ExceptionTests.csproj", "{BBF8530C-3E9F-49A5-8392-D8F07420B46B}"
EndProject
Project("{9A19103F-16F7-4668-BE54-9A1E7A4F7556}") = "AttributeTests", "AttributesTests\AttributeTests.csproj", "{76E33469-A9EF-4B27-8418-994230755E33}"
EndProject
Project("{9A19103F-16F7-4668-BE54-9A1E7A4F7556}") = "TPLTests", "TaskParallelLibraryTests\TPLTests.csproj", "{DEAA6805-DE49-47D1-AD3A-BB5FF88BAA19}"
EndProject
Project("{FAE04EC0-301F-11D3-BF4B-00C04F79EFBC}") = "TaskCompletionSourceExample", "TaskCompletionSourceExample\TaskCompletionSourceExample.csproj", "{3F8BFD07-DCC2-47DE-A980-6A9DC4E0D733}"
EndProject
Project("{9A19103F-16F7-4668-BE54-9A1E7A4F7556}") = "GenericsTests", "GenericsTests\GenericsTests.csproj", "{12739C09-5331-498F-BDFB-80929DF7B716}"
EndProject
Project("{9A19103F-16F7-4668-BE54-9A1E7A4F7556}") = "DelegateTests", "DelegateTests\DelegateTests.csproj", "{FB133E4B-DC93-48E7-8EC9-7555E91053C6}"
EndProject
Project("{9A19103F-16F7-4668-BE54-9A1E7A4F7556}") = "AnonymousTypeTests", "AnonymousTests\AnonymousTypeTests.csproj", "{4F0BB6D7-79B0-48DA-B28B-F27432EFE937}"
EndProject
Project("{9A19103F-16F7-4668-BE54-9A1E7A4F7556}") = "NullableTests", "NullablesTests\NullableTests.csproj", "{724C0139-1465-4F37-8DE8-4EBBAD100AB9}"
EndProject
Project("{9A19103F-16F7-4668-BE54-9A1E7A4F7556}") = "CollectionTests", "CollectionsTests\CollectionTests.csproj", "{58D5646C-896B-4F4C-AD26-2E3C4DA13153}"
EndProject
Project("{2150E333-8FDC-42A3-9474-1A3956D46DE8}") = "Solution Items", "Solution Items", "{AA2D1215-E1A7-4CAD-8355-03560781D4A4}"
	ProjectSection(SolutionItems) = preProject
		.editorconfig = .editorconfig
	EndProjectSection
EndProject
Project("{9A19103F-16F7-4668-BE54-9A1E7A4F7556}") = "ConstructorTests", "ConstructorTests\ConstructorTests.csproj", "{FE48BE71-061C-4E64-90AB-EA1E8C9696BC}"
EndProject
Project("{9A19103F-16F7-4668-BE54-9A1E7A4F7556}") = "MethodTests", "MethodTests\MethodTests.csproj", "{354DD11D-8F94-45E8-9F9D-470D2F84DCD2}"
EndProject
Project("{9A19103F-16F7-4668-BE54-9A1E7A4F7556}") = "IndexerTests", "IndexorTests\IndexerTests.csproj", "{2CAC1B79-96CF-4235-B898-F69087AF3A8E}"
EndProject
Project("{9A19103F-16F7-4668-BE54-9A1E7A4F7556}") = "FinalizerTests", "FinalizerTests\FinalizerTests.csproj", "{4DC6B901-4781-4849-8600-5F353DCFD9F8}"
EndProject
Project("{9A19103F-16F7-4668-BE54-9A1E7A4F7556}") = "TypeTests", "TypeTests\TypeTests.csproj", "{1A40A8E7-2C0A-4FCA-A05A-2B1819246453}"
EndProject
Project("{9A19103F-16F7-4668-BE54-9A1E7A4F7556}") = "EnumTests", "EnumTests\EnumTests.csproj", "{E7E3BF54-0B6D-47FF-A842-230226B3D74A}"
EndProject
Project("{9A19103F-16F7-4668-BE54-9A1E7A4F7556}") = "EventTests", "EventTests\EventTests.csproj", "{6150F375-A215-421C-858B-86F52372FE66}"
EndProject
Project("{9A19103F-16F7-4668-BE54-9A1E7A4F7556}") = "PropertyTests", "PropertyTests\PropertyTests.csproj", "{3F7C32A8-733D-480D-916D-A438EAC49FF7}"
EndProject
Project("{9A19103F-16F7-4668-BE54-9A1E7A4F7556}") = "BuiltInTypesTests", "BuiltInTypesTests\BuiltInTypesTests.csproj", "{E5B2D7DA-3C9A-4F38-A584-CE6678747F17}"
EndProject
Project("{9A19103F-16F7-4668-BE54-9A1E7A4F7556}") = "EqualityTests", "EqualityTests\EqualityTests.csproj", "{A14CDA3E-D70A-4BDE-88F7-0EA8196EE0B9}"
EndProject
Project("{9A19103F-16F7-4668-BE54-9A1E7A4F7556}") = "OperatorTests", "OperatorTests\OperatorTests.csproj", "{DF171CF3-95C0-4579-A2EF-A1E5B0DB699F}"
EndProject
Project("{9A19103F-16F7-4668-BE54-9A1E7A4F7556}") = "OverloadableOperatorsTests", "OverloadableOperatorsTests\OverloadableOperatorsTests.csproj", "{1BFED1A5-C205-4B32-9E34-51549D93D446}"
EndProject
Project("{9A19103F-16F7-4668-BE54-9A1E7A4F7556}") = "NullTests", "NullTests\NullTests.csproj", "{C9D12934-6F40-4B28-8C51-2BA442347B4C}"
EndProject
Project("{FAE04EC0-301F-11D3-BF4B-00C04F79EFBC}") = "ModifierTests", "ModifierTests\ModifierTests.csproj", "{58A5F883-AE1B-413B-85CC-E7AB4CDEDB0B}"
EndProject
Global
	GlobalSection(SolutionConfigurationPlatforms) = preSolution
		Debug|Any CPU = Debug|Any CPU
		Debug|ARM = Debug|ARM
		Debug|ARM64 = Debug|ARM64
		Debug|x64 = Debug|x64
		Debug|x86 = Debug|x86
		Release|Any CPU = Release|Any CPU
		Release|ARM = Release|ARM
		Release|ARM64 = Release|ARM64
		Release|x64 = Release|x64
		Release|x86 = Release|x86
	EndGlobalSection
	GlobalSection(ProjectConfigurationPlatforms) = postSolution
		{99389FF3-D808-463C-884A-8DD54B0E949F}.Debug|Any CPU.ActiveCfg = Debug|Any CPU
		{99389FF3-D808-463C-884A-8DD54B0E949F}.Debug|Any CPU.Build.0 = Debug|Any CPU
		{99389FF3-D808-463C-884A-8DD54B0E949F}.Debug|ARM.ActiveCfg = Debug|Any CPU
		{99389FF3-D808-463C-884A-8DD54B0E949F}.Debug|ARM.Build.0 = Debug|Any CPU
		{99389FF3-D808-463C-884A-8DD54B0E949F}.Debug|ARM64.ActiveCfg = Debug|Any CPU
		{99389FF3-D808-463C-884A-8DD54B0E949F}.Debug|ARM64.Build.0 = Debug|Any CPU
		{99389FF3-D808-463C-884A-8DD54B0E949F}.Debug|x64.ActiveCfg = Debug|Any CPU
		{99389FF3-D808-463C-884A-8DD54B0E949F}.Debug|x64.Build.0 = Debug|Any CPU
		{99389FF3-D808-463C-884A-8DD54B0E949F}.Debug|x86.ActiveCfg = Debug|Any CPU
		{99389FF3-D808-463C-884A-8DD54B0E949F}.Debug|x86.Build.0 = Debug|Any CPU
		{99389FF3-D808-463C-884A-8DD54B0E949F}.Release|Any CPU.ActiveCfg = Release|Any CPU
		{99389FF3-D808-463C-884A-8DD54B0E949F}.Release|Any CPU.Build.0 = Release|Any CPU
		{99389FF3-D808-463C-884A-8DD54B0E949F}.Release|ARM.ActiveCfg = Release|Any CPU
		{99389FF3-D808-463C-884A-8DD54B0E949F}.Release|ARM.Build.0 = Release|Any CPU
		{99389FF3-D808-463C-884A-8DD54B0E949F}.Release|ARM64.ActiveCfg = Release|Any CPU
		{99389FF3-D808-463C-884A-8DD54B0E949F}.Release|ARM64.Build.0 = Release|Any CPU
		{99389FF3-D808-463C-884A-8DD54B0E949F}.Release|x64.ActiveCfg = Release|Any CPU
		{99389FF3-D808-463C-884A-8DD54B0E949F}.Release|x64.Build.0 = Release|Any CPU
		{99389FF3-D808-463C-884A-8DD54B0E949F}.Release|x86.ActiveCfg = Release|Any CPU
		{99389FF3-D808-463C-884A-8DD54B0E949F}.Release|x86.Build.0 = Release|Any CPU
		{BBF8530C-3E9F-49A5-8392-D8F07420B46B}.Debug|Any CPU.ActiveCfg = Debug|Any CPU
		{BBF8530C-3E9F-49A5-8392-D8F07420B46B}.Debug|Any CPU.Build.0 = Debug|Any CPU
		{BBF8530C-3E9F-49A5-8392-D8F07420B46B}.Debug|ARM.ActiveCfg = Debug|Any CPU
		{BBF8530C-3E9F-49A5-8392-D8F07420B46B}.Debug|ARM.Build.0 = Debug|Any CPU
		{BBF8530C-3E9F-49A5-8392-D8F07420B46B}.Debug|ARM64.ActiveCfg = Debug|Any CPU
		{BBF8530C-3E9F-49A5-8392-D8F07420B46B}.Debug|ARM64.Build.0 = Debug|Any CPU
		{BBF8530C-3E9F-49A5-8392-D8F07420B46B}.Debug|x64.ActiveCfg = Debug|Any CPU
		{BBF8530C-3E9F-49A5-8392-D8F07420B46B}.Debug|x64.Build.0 = Debug|Any CPU
		{BBF8530C-3E9F-49A5-8392-D8F07420B46B}.Debug|x86.ActiveCfg = Debug|Any CPU
		{BBF8530C-3E9F-49A5-8392-D8F07420B46B}.Debug|x86.Build.0 = Debug|Any CPU
		{BBF8530C-3E9F-49A5-8392-D8F07420B46B}.Release|Any CPU.ActiveCfg = Release|Any CPU
		{BBF8530C-3E9F-49A5-8392-D8F07420B46B}.Release|Any CPU.Build.0 = Release|Any CPU
		{BBF8530C-3E9F-49A5-8392-D8F07420B46B}.Release|ARM.ActiveCfg = Release|Any CPU
		{BBF8530C-3E9F-49A5-8392-D8F07420B46B}.Release|ARM.Build.0 = Release|Any CPU
		{BBF8530C-3E9F-49A5-8392-D8F07420B46B}.Release|ARM64.ActiveCfg = Release|Any CPU
		{BBF8530C-3E9F-49A5-8392-D8F07420B46B}.Release|ARM64.Build.0 = Release|Any CPU
		{BBF8530C-3E9F-49A5-8392-D8F07420B46B}.Release|x64.ActiveCfg = Release|Any CPU
		{BBF8530C-3E9F-49A5-8392-D8F07420B46B}.Release|x64.Build.0 = Release|Any CPU
		{BBF8530C-3E9F-49A5-8392-D8F07420B46B}.Release|x86.ActiveCfg = Release|Any CPU
		{BBF8530C-3E9F-49A5-8392-D8F07420B46B}.Release|x86.Build.0 = Release|Any CPU
		{76E33469-A9EF-4B27-8418-994230755E33}.Debug|Any CPU.ActiveCfg = Debug|Any CPU
		{76E33469-A9EF-4B27-8418-994230755E33}.Debug|Any CPU.Build.0 = Debug|Any CPU
		{76E33469-A9EF-4B27-8418-994230755E33}.Debug|ARM.ActiveCfg = Debug|Any CPU
		{76E33469-A9EF-4B27-8418-994230755E33}.Debug|ARM.Build.0 = Debug|Any CPU
		{76E33469-A9EF-4B27-8418-994230755E33}.Debug|ARM64.ActiveCfg = Debug|Any CPU
		{76E33469-A9EF-4B27-8418-994230755E33}.Debug|ARM64.Build.0 = Debug|Any CPU
		{76E33469-A9EF-4B27-8418-994230755E33}.Debug|x64.ActiveCfg = Debug|Any CPU
		{76E33469-A9EF-4B27-8418-994230755E33}.Debug|x64.Build.0 = Debug|Any CPU
		{76E33469-A9EF-4B27-8418-994230755E33}.Debug|x86.ActiveCfg = Debug|Any CPU
		{76E33469-A9EF-4B27-8418-994230755E33}.Debug|x86.Build.0 = Debug|Any CPU
		{76E33469-A9EF-4B27-8418-994230755E33}.Release|Any CPU.ActiveCfg = Release|Any CPU
		{76E33469-A9EF-4B27-8418-994230755E33}.Release|Any CPU.Build.0 = Release|Any CPU
		{76E33469-A9EF-4B27-8418-994230755E33}.Release|ARM.ActiveCfg = Release|Any CPU
		{76E33469-A9EF-4B27-8418-994230755E33}.Release|ARM.Build.0 = Release|Any CPU
		{76E33469-A9EF-4B27-8418-994230755E33}.Release|ARM64.ActiveCfg = Release|Any CPU
		{76E33469-A9EF-4B27-8418-994230755E33}.Release|ARM64.Build.0 = Release|Any CPU
		{76E33469-A9EF-4B27-8418-994230755E33}.Release|x64.ActiveCfg = Release|Any CPU
		{76E33469-A9EF-4B27-8418-994230755E33}.Release|x64.Build.0 = Release|Any CPU
		{76E33469-A9EF-4B27-8418-994230755E33}.Release|x86.ActiveCfg = Release|Any CPU
		{76E33469-A9EF-4B27-8418-994230755E33}.Release|x86.Build.0 = Release|Any CPU
		{DEAA6805-DE49-47D1-AD3A-BB5FF88BAA19}.Debug|Any CPU.ActiveCfg = Debug|Any CPU
		{DEAA6805-DE49-47D1-AD3A-BB5FF88BAA19}.Debug|Any CPU.Build.0 = Debug|Any CPU
		{DEAA6805-DE49-47D1-AD3A-BB5FF88BAA19}.Debug|ARM.ActiveCfg = Debug|Any CPU
		{DEAA6805-DE49-47D1-AD3A-BB5FF88BAA19}.Debug|ARM.Build.0 = Debug|Any CPU
		{DEAA6805-DE49-47D1-AD3A-BB5FF88BAA19}.Debug|ARM64.ActiveCfg = Debug|Any CPU
		{DEAA6805-DE49-47D1-AD3A-BB5FF88BAA19}.Debug|ARM64.Build.0 = Debug|Any CPU
		{DEAA6805-DE49-47D1-AD3A-BB5FF88BAA19}.Debug|x64.ActiveCfg = Debug|Any CPU
		{DEAA6805-DE49-47D1-AD3A-BB5FF88BAA19}.Debug|x64.Build.0 = Debug|Any CPU
		{DEAA6805-DE49-47D1-AD3A-BB5FF88BAA19}.Debug|x86.ActiveCfg = Debug|Any CPU
		{DEAA6805-DE49-47D1-AD3A-BB5FF88BAA19}.Debug|x86.Build.0 = Debug|Any CPU
		{DEAA6805-DE49-47D1-AD3A-BB5FF88BAA19}.Release|Any CPU.ActiveCfg = Release|Any CPU
		{DEAA6805-DE49-47D1-AD3A-BB5FF88BAA19}.Release|Any CPU.Build.0 = Release|Any CPU
		{DEAA6805-DE49-47D1-AD3A-BB5FF88BAA19}.Release|ARM.ActiveCfg = Release|Any CPU
		{DEAA6805-DE49-47D1-AD3A-BB5FF88BAA19}.Release|ARM.Build.0 = Release|Any CPU
		{DEAA6805-DE49-47D1-AD3A-BB5FF88BAA19}.Release|ARM64.ActiveCfg = Release|Any CPU
		{DEAA6805-DE49-47D1-AD3A-BB5FF88BAA19}.Release|ARM64.Build.0 = Release|Any CPU
		{DEAA6805-DE49-47D1-AD3A-BB5FF88BAA19}.Release|x64.ActiveCfg = Release|Any CPU
		{DEAA6805-DE49-47D1-AD3A-BB5FF88BAA19}.Release|x64.Build.0 = Release|Any CPU
		{DEAA6805-DE49-47D1-AD3A-BB5FF88BAA19}.Release|x86.ActiveCfg = Release|Any CPU
		{DEAA6805-DE49-47D1-AD3A-BB5FF88BAA19}.Release|x86.Build.0 = Release|Any CPU
		{3F8BFD07-DCC2-47DE-A980-6A9DC4E0D733}.Debug|Any CPU.ActiveCfg = Debug|x86
		{3F8BFD07-DCC2-47DE-A980-6A9DC4E0D733}.Debug|ARM.ActiveCfg = Debug|ARM
		{3F8BFD07-DCC2-47DE-A980-6A9DC4E0D733}.Debug|ARM.Build.0 = Debug|ARM
		{3F8BFD07-DCC2-47DE-A980-6A9DC4E0D733}.Debug|ARM.Deploy.0 = Debug|ARM
		{3F8BFD07-DCC2-47DE-A980-6A9DC4E0D733}.Debug|ARM64.ActiveCfg = Debug|ARM64
		{3F8BFD07-DCC2-47DE-A980-6A9DC4E0D733}.Debug|ARM64.Build.0 = Debug|ARM64
		{3F8BFD07-DCC2-47DE-A980-6A9DC4E0D733}.Debug|ARM64.Deploy.0 = Debug|ARM64
		{3F8BFD07-DCC2-47DE-A980-6A9DC4E0D733}.Debug|x64.ActiveCfg = Debug|x64
		{3F8BFD07-DCC2-47DE-A980-6A9DC4E0D733}.Debug|x64.Build.0 = Debug|x64
		{3F8BFD07-DCC2-47DE-A980-6A9DC4E0D733}.Debug|x64.Deploy.0 = Debug|x64
		{3F8BFD07-DCC2-47DE-A980-6A9DC4E0D733}.Debug|x86.ActiveCfg = Debug|x86
		{3F8BFD07-DCC2-47DE-A980-6A9DC4E0D733}.Debug|x86.Build.0 = Debug|x86
		{3F8BFD07-DCC2-47DE-A980-6A9DC4E0D733}.Debug|x86.Deploy.0 = Debug|x86
		{3F8BFD07-DCC2-47DE-A980-6A9DC4E0D733}.Release|Any CPU.ActiveCfg = Release|x86
		{3F8BFD07-DCC2-47DE-A980-6A9DC4E0D733}.Release|ARM.ActiveCfg = Release|ARM
		{3F8BFD07-DCC2-47DE-A980-6A9DC4E0D733}.Release|ARM.Build.0 = Release|ARM
		{3F8BFD07-DCC2-47DE-A980-6A9DC4E0D733}.Release|ARM.Deploy.0 = Release|ARM
		{3F8BFD07-DCC2-47DE-A980-6A9DC4E0D733}.Release|ARM64.ActiveCfg = Release|ARM64
		{3F8BFD07-DCC2-47DE-A980-6A9DC4E0D733}.Release|ARM64.Build.0 = Release|ARM64
		{3F8BFD07-DCC2-47DE-A980-6A9DC4E0D733}.Release|ARM64.Deploy.0 = Release|ARM64
		{3F8BFD07-DCC2-47DE-A980-6A9DC4E0D733}.Release|x64.ActiveCfg = Release|x64
		{3F8BFD07-DCC2-47DE-A980-6A9DC4E0D733}.Release|x64.Build.0 = Release|x64
		{3F8BFD07-DCC2-47DE-A980-6A9DC4E0D733}.Release|x64.Deploy.0 = Release|x64
		{3F8BFD07-DCC2-47DE-A980-6A9DC4E0D733}.Release|x86.ActiveCfg = Release|x86
		{3F8BFD07-DCC2-47DE-A980-6A9DC4E0D733}.Release|x86.Build.0 = Release|x86
		{3F8BFD07-DCC2-47DE-A980-6A9DC4E0D733}.Release|x86.Deploy.0 = Release|x86
		{12739C09-5331-498F-BDFB-80929DF7B716}.Debug|Any CPU.ActiveCfg = Debug|Any CPU
		{12739C09-5331-498F-BDFB-80929DF7B716}.Debug|Any CPU.Build.0 = Debug|Any CPU
		{12739C09-5331-498F-BDFB-80929DF7B716}.Debug|ARM.ActiveCfg = Debug|Any CPU
		{12739C09-5331-498F-BDFB-80929DF7B716}.Debug|ARM.Build.0 = Debug|Any CPU
		{12739C09-5331-498F-BDFB-80929DF7B716}.Debug|ARM64.ActiveCfg = Debug|Any CPU
		{12739C09-5331-498F-BDFB-80929DF7B716}.Debug|ARM64.Build.0 = Debug|Any CPU
		{12739C09-5331-498F-BDFB-80929DF7B716}.Debug|x64.ActiveCfg = Debug|Any CPU
		{12739C09-5331-498F-BDFB-80929DF7B716}.Debug|x64.Build.0 = Debug|Any CPU
		{12739C09-5331-498F-BDFB-80929DF7B716}.Debug|x86.ActiveCfg = Debug|Any CPU
		{12739C09-5331-498F-BDFB-80929DF7B716}.Debug|x86.Build.0 = Debug|Any CPU
		{12739C09-5331-498F-BDFB-80929DF7B716}.Release|Any CPU.ActiveCfg = Release|Any CPU
		{12739C09-5331-498F-BDFB-80929DF7B716}.Release|Any CPU.Build.0 = Release|Any CPU
		{12739C09-5331-498F-BDFB-80929DF7B716}.Release|ARM.ActiveCfg = Release|Any CPU
		{12739C09-5331-498F-BDFB-80929DF7B716}.Release|ARM.Build.0 = Release|Any CPU
		{12739C09-5331-498F-BDFB-80929DF7B716}.Release|ARM64.ActiveCfg = Release|Any CPU
		{12739C09-5331-498F-BDFB-80929DF7B716}.Release|ARM64.Build.0 = Release|Any CPU
		{12739C09-5331-498F-BDFB-80929DF7B716}.Release|x64.ActiveCfg = Release|Any CPU
		{12739C09-5331-498F-BDFB-80929DF7B716}.Release|x64.Build.0 = Release|Any CPU
		{12739C09-5331-498F-BDFB-80929DF7B716}.Release|x86.ActiveCfg = Release|Any CPU
		{12739C09-5331-498F-BDFB-80929DF7B716}.Release|x86.Build.0 = Release|Any CPU
		{FB133E4B-DC93-48E7-8EC9-7555E91053C6}.Debug|Any CPU.ActiveCfg = Debug|Any CPU
		{FB133E4B-DC93-48E7-8EC9-7555E91053C6}.Debug|Any CPU.Build.0 = Debug|Any CPU
		{FB133E4B-DC93-48E7-8EC9-7555E91053C6}.Debug|ARM.ActiveCfg = Debug|Any CPU
		{FB133E4B-DC93-48E7-8EC9-7555E91053C6}.Debug|ARM.Build.0 = Debug|Any CPU
		{FB133E4B-DC93-48E7-8EC9-7555E91053C6}.Debug|ARM64.ActiveCfg = Debug|Any CPU
		{FB133E4B-DC93-48E7-8EC9-7555E91053C6}.Debug|ARM64.Build.0 = Debug|Any CPU
		{FB133E4B-DC93-48E7-8EC9-7555E91053C6}.Debug|x64.ActiveCfg = Debug|Any CPU
		{FB133E4B-DC93-48E7-8EC9-7555E91053C6}.Debug|x64.Build.0 = Debug|Any CPU
		{FB133E4B-DC93-48E7-8EC9-7555E91053C6}.Debug|x86.ActiveCfg = Debug|Any CPU
		{FB133E4B-DC93-48E7-8EC9-7555E91053C6}.Debug|x86.Build.0 = Debug|Any CPU
		{FB133E4B-DC93-48E7-8EC9-7555E91053C6}.Release|Any CPU.ActiveCfg = Release|Any CPU
		{FB133E4B-DC93-48E7-8EC9-7555E91053C6}.Release|Any CPU.Build.0 = Release|Any CPU
		{FB133E4B-DC93-48E7-8EC9-7555E91053C6}.Release|ARM.ActiveCfg = Release|Any CPU
		{FB133E4B-DC93-48E7-8EC9-7555E91053C6}.Release|ARM.Build.0 = Release|Any CPU
		{FB133E4B-DC93-48E7-8EC9-7555E91053C6}.Release|ARM64.ActiveCfg = Release|Any CPU
		{FB133E4B-DC93-48E7-8EC9-7555E91053C6}.Release|ARM64.Build.0 = Release|Any CPU
		{FB133E4B-DC93-48E7-8EC9-7555E91053C6}.Release|x64.ActiveCfg = Release|Any CPU
		{FB133E4B-DC93-48E7-8EC9-7555E91053C6}.Release|x64.Build.0 = Release|Any CPU
		{FB133E4B-DC93-48E7-8EC9-7555E91053C6}.Release|x86.ActiveCfg = Release|Any CPU
		{FB133E4B-DC93-48E7-8EC9-7555E91053C6}.Release|x86.Build.0 = Release|Any CPU
		{4F0BB6D7-79B0-48DA-B28B-F27432EFE937}.Debug|Any CPU.ActiveCfg = Debug|Any CPU
		{4F0BB6D7-79B0-48DA-B28B-F27432EFE937}.Debug|Any CPU.Build.0 = Debug|Any CPU
		{4F0BB6D7-79B0-48DA-B28B-F27432EFE937}.Debug|ARM.ActiveCfg = Debug|Any CPU
		{4F0BB6D7-79B0-48DA-B28B-F27432EFE937}.Debug|ARM.Build.0 = Debug|Any CPU
		{4F0BB6D7-79B0-48DA-B28B-F27432EFE937}.Debug|ARM64.ActiveCfg = Debug|Any CPU
		{4F0BB6D7-79B0-48DA-B28B-F27432EFE937}.Debug|ARM64.Build.0 = Debug|Any CPU
		{4F0BB6D7-79B0-48DA-B28B-F27432EFE937}.Debug|x64.ActiveCfg = Debug|Any CPU
		{4F0BB6D7-79B0-48DA-B28B-F27432EFE937}.Debug|x64.Build.0 = Debug|Any CPU
		{4F0BB6D7-79B0-48DA-B28B-F27432EFE937}.Debug|x86.ActiveCfg = Debug|Any CPU
		{4F0BB6D7-79B0-48DA-B28B-F27432EFE937}.Debug|x86.Build.0 = Debug|Any CPU
		{4F0BB6D7-79B0-48DA-B28B-F27432EFE937}.Release|Any CPU.ActiveCfg = Release|Any CPU
		{4F0BB6D7-79B0-48DA-B28B-F27432EFE937}.Release|Any CPU.Build.0 = Release|Any CPU
		{4F0BB6D7-79B0-48DA-B28B-F27432EFE937}.Release|ARM.ActiveCfg = Release|Any CPU
		{4F0BB6D7-79B0-48DA-B28B-F27432EFE937}.Release|ARM.Build.0 = Release|Any CPU
		{4F0BB6D7-79B0-48DA-B28B-F27432EFE937}.Release|ARM64.ActiveCfg = Release|Any CPU
		{4F0BB6D7-79B0-48DA-B28B-F27432EFE937}.Release|ARM64.Build.0 = Release|Any CPU
		{4F0BB6D7-79B0-48DA-B28B-F27432EFE937}.Release|x64.ActiveCfg = Release|Any CPU
		{4F0BB6D7-79B0-48DA-B28B-F27432EFE937}.Release|x64.Build.0 = Release|Any CPU
		{4F0BB6D7-79B0-48DA-B28B-F27432EFE937}.Release|x86.ActiveCfg = Release|Any CPU
		{4F0BB6D7-79B0-48DA-B28B-F27432EFE937}.Release|x86.Build.0 = Release|Any CPU
		{724C0139-1465-4F37-8DE8-4EBBAD100AB9}.Debug|Any CPU.ActiveCfg = Debug|Any CPU
		{724C0139-1465-4F37-8DE8-4EBBAD100AB9}.Debug|Any CPU.Build.0 = Debug|Any CPU
		{724C0139-1465-4F37-8DE8-4EBBAD100AB9}.Debug|ARM.ActiveCfg = Debug|Any CPU
		{724C0139-1465-4F37-8DE8-4EBBAD100AB9}.Debug|ARM.Build.0 = Debug|Any CPU
		{724C0139-1465-4F37-8DE8-4EBBAD100AB9}.Debug|ARM64.ActiveCfg = Debug|Any CPU
		{724C0139-1465-4F37-8DE8-4EBBAD100AB9}.Debug|ARM64.Build.0 = Debug|Any CPU
		{724C0139-1465-4F37-8DE8-4EBBAD100AB9}.Debug|x64.ActiveCfg = Debug|Any CPU
		{724C0139-1465-4F37-8DE8-4EBBAD100AB9}.Debug|x64.Build.0 = Debug|Any CPU
		{724C0139-1465-4F37-8DE8-4EBBAD100AB9}.Debug|x86.ActiveCfg = Debug|Any CPU
		{724C0139-1465-4F37-8DE8-4EBBAD100AB9}.Debug|x86.Build.0 = Debug|Any CPU
		{724C0139-1465-4F37-8DE8-4EBBAD100AB9}.Release|Any CPU.ActiveCfg = Release|Any CPU
		{724C0139-1465-4F37-8DE8-4EBBAD100AB9}.Release|Any CPU.Build.0 = Release|Any CPU
		{724C0139-1465-4F37-8DE8-4EBBAD100AB9}.Release|ARM.ActiveCfg = Release|Any CPU
		{724C0139-1465-4F37-8DE8-4EBBAD100AB9}.Release|ARM.Build.0 = Release|Any CPU
		{724C0139-1465-4F37-8DE8-4EBBAD100AB9}.Release|ARM64.ActiveCfg = Release|Any CPU
		{724C0139-1465-4F37-8DE8-4EBBAD100AB9}.Release|ARM64.Build.0 = Release|Any CPU
		{724C0139-1465-4F37-8DE8-4EBBAD100AB9}.Release|x64.ActiveCfg = Release|Any CPU
		{724C0139-1465-4F37-8DE8-4EBBAD100AB9}.Release|x64.Build.0 = Release|Any CPU
		{724C0139-1465-4F37-8DE8-4EBBAD100AB9}.Release|x86.ActiveCfg = Release|Any CPU
		{724C0139-1465-4F37-8DE8-4EBBAD100AB9}.Release|x86.Build.0 = Release|Any CPU
		{58D5646C-896B-4F4C-AD26-2E3C4DA13153}.Debug|Any CPU.ActiveCfg = Debug|Any CPU
		{58D5646C-896B-4F4C-AD26-2E3C4DA13153}.Debug|Any CPU.Build.0 = Debug|Any CPU
		{58D5646C-896B-4F4C-AD26-2E3C4DA13153}.Debug|ARM.ActiveCfg = Debug|Any CPU
		{58D5646C-896B-4F4C-AD26-2E3C4DA13153}.Debug|ARM.Build.0 = Debug|Any CPU
		{58D5646C-896B-4F4C-AD26-2E3C4DA13153}.Debug|ARM64.ActiveCfg = Debug|Any CPU
		{58D5646C-896B-4F4C-AD26-2E3C4DA13153}.Debug|ARM64.Build.0 = Debug|Any CPU
		{58D5646C-896B-4F4C-AD26-2E3C4DA13153}.Debug|x64.ActiveCfg = Debug|Any CPU
		{58D5646C-896B-4F4C-AD26-2E3C4DA13153}.Debug|x64.Build.0 = Debug|Any CPU
		{58D5646C-896B-4F4C-AD26-2E3C4DA13153}.Debug|x86.ActiveCfg = Debug|Any CPU
		{58D5646C-896B-4F4C-AD26-2E3C4DA13153}.Debug|x86.Build.0 = Debug|Any CPU
		{58D5646C-896B-4F4C-AD26-2E3C4DA13153}.Release|Any CPU.ActiveCfg = Release|Any CPU
		{58D5646C-896B-4F4C-AD26-2E3C4DA13153}.Release|Any CPU.Build.0 = Release|Any CPU
		{58D5646C-896B-4F4C-AD26-2E3C4DA13153}.Release|ARM.ActiveCfg = Release|Any CPU
		{58D5646C-896B-4F4C-AD26-2E3C4DA13153}.Release|ARM.Build.0 = Release|Any CPU
		{58D5646C-896B-4F4C-AD26-2E3C4DA13153}.Release|ARM64.ActiveCfg = Release|Any CPU
		{58D5646C-896B-4F4C-AD26-2E3C4DA13153}.Release|ARM64.Build.0 = Release|Any CPU
		{58D5646C-896B-4F4C-AD26-2E3C4DA13153}.Release|x64.ActiveCfg = Release|Any CPU
		{58D5646C-896B-4F4C-AD26-2E3C4DA13153}.Release|x64.Build.0 = Release|Any CPU
		{58D5646C-896B-4F4C-AD26-2E3C4DA13153}.Release|x86.ActiveCfg = Release|Any CPU
		{58D5646C-896B-4F4C-AD26-2E3C4DA13153}.Release|x86.Build.0 = Release|Any CPU
		{FE48BE71-061C-4E64-90AB-EA1E8C9696BC}.Debug|Any CPU.ActiveCfg = Debug|Any CPU
		{FE48BE71-061C-4E64-90AB-EA1E8C9696BC}.Debug|Any CPU.Build.0 = Debug|Any CPU
		{FE48BE71-061C-4E64-90AB-EA1E8C9696BC}.Debug|ARM.ActiveCfg = Debug|Any CPU
		{FE48BE71-061C-4E64-90AB-EA1E8C9696BC}.Debug|ARM.Build.0 = Debug|Any CPU
		{FE48BE71-061C-4E64-90AB-EA1E8C9696BC}.Debug|ARM64.ActiveCfg = Debug|Any CPU
		{FE48BE71-061C-4E64-90AB-EA1E8C9696BC}.Debug|ARM64.Build.0 = Debug|Any CPU
		{FE48BE71-061C-4E64-90AB-EA1E8C9696BC}.Debug|x64.ActiveCfg = Debug|Any CPU
		{FE48BE71-061C-4E64-90AB-EA1E8C9696BC}.Debug|x64.Build.0 = Debug|Any CPU
		{FE48BE71-061C-4E64-90AB-EA1E8C9696BC}.Debug|x86.ActiveCfg = Debug|Any CPU
		{FE48BE71-061C-4E64-90AB-EA1E8C9696BC}.Debug|x86.Build.0 = Debug|Any CPU
		{FE48BE71-061C-4E64-90AB-EA1E8C9696BC}.Release|Any CPU.ActiveCfg = Release|Any CPU
		{FE48BE71-061C-4E64-90AB-EA1E8C9696BC}.Release|Any CPU.Build.0 = Release|Any CPU
		{FE48BE71-061C-4E64-90AB-EA1E8C9696BC}.Release|ARM.ActiveCfg = Release|Any CPU
		{FE48BE71-061C-4E64-90AB-EA1E8C9696BC}.Release|ARM.Build.0 = Release|Any CPU
		{FE48BE71-061C-4E64-90AB-EA1E8C9696BC}.Release|ARM64.ActiveCfg = Release|Any CPU
		{FE48BE71-061C-4E64-90AB-EA1E8C9696BC}.Release|ARM64.Build.0 = Release|Any CPU
		{FE48BE71-061C-4E64-90AB-EA1E8C9696BC}.Release|x64.ActiveCfg = Release|Any CPU
		{FE48BE71-061C-4E64-90AB-EA1E8C9696BC}.Release|x64.Build.0 = Release|Any CPU
		{FE48BE71-061C-4E64-90AB-EA1E8C9696BC}.Release|x86.ActiveCfg = Release|Any CPU
		{FE48BE71-061C-4E64-90AB-EA1E8C9696BC}.Release|x86.Build.0 = Release|Any CPU
		{354DD11D-8F94-45E8-9F9D-470D2F84DCD2}.Debug|Any CPU.ActiveCfg = Debug|Any CPU
		{354DD11D-8F94-45E8-9F9D-470D2F84DCD2}.Debug|Any CPU.Build.0 = Debug|Any CPU
		{354DD11D-8F94-45E8-9F9D-470D2F84DCD2}.Debug|ARM.ActiveCfg = Debug|Any CPU
		{354DD11D-8F94-45E8-9F9D-470D2F84DCD2}.Debug|ARM.Build.0 = Debug|Any CPU
		{354DD11D-8F94-45E8-9F9D-470D2F84DCD2}.Debug|ARM64.ActiveCfg = Debug|Any CPU
		{354DD11D-8F94-45E8-9F9D-470D2F84DCD2}.Debug|ARM64.Build.0 = Debug|Any CPU
		{354DD11D-8F94-45E8-9F9D-470D2F84DCD2}.Debug|x64.ActiveCfg = Debug|Any CPU
		{354DD11D-8F94-45E8-9F9D-470D2F84DCD2}.Debug|x64.Build.0 = Debug|Any CPU
		{354DD11D-8F94-45E8-9F9D-470D2F84DCD2}.Debug|x86.ActiveCfg = Debug|Any CPU
		{354DD11D-8F94-45E8-9F9D-470D2F84DCD2}.Debug|x86.Build.0 = Debug|Any CPU
		{354DD11D-8F94-45E8-9F9D-470D2F84DCD2}.Release|Any CPU.ActiveCfg = Release|Any CPU
		{354DD11D-8F94-45E8-9F9D-470D2F84DCD2}.Release|Any CPU.Build.0 = Release|Any CPU
		{354DD11D-8F94-45E8-9F9D-470D2F84DCD2}.Release|ARM.ActiveCfg = Release|Any CPU
		{354DD11D-8F94-45E8-9F9D-470D2F84DCD2}.Release|ARM.Build.0 = Release|Any CPU
		{354DD11D-8F94-45E8-9F9D-470D2F84DCD2}.Release|ARM64.ActiveCfg = Release|Any CPU
		{354DD11D-8F94-45E8-9F9D-470D2F84DCD2}.Release|ARM64.Build.0 = Release|Any CPU
		{354DD11D-8F94-45E8-9F9D-470D2F84DCD2}.Release|x64.ActiveCfg = Release|Any CPU
		{354DD11D-8F94-45E8-9F9D-470D2F84DCD2}.Release|x64.Build.0 = Release|Any CPU
		{354DD11D-8F94-45E8-9F9D-470D2F84DCD2}.Release|x86.ActiveCfg = Release|Any CPU
		{354DD11D-8F94-45E8-9F9D-470D2F84DCD2}.Release|x86.Build.0 = Release|Any CPU
		{2CAC1B79-96CF-4235-B898-F69087AF3A8E}.Debug|Any CPU.ActiveCfg = Debug|Any CPU
		{2CAC1B79-96CF-4235-B898-F69087AF3A8E}.Debug|Any CPU.Build.0 = Debug|Any CPU
		{2CAC1B79-96CF-4235-B898-F69087AF3A8E}.Debug|ARM.ActiveCfg = Debug|Any CPU
		{2CAC1B79-96CF-4235-B898-F69087AF3A8E}.Debug|ARM.Build.0 = Debug|Any CPU
		{2CAC1B79-96CF-4235-B898-F69087AF3A8E}.Debug|ARM64.ActiveCfg = Debug|Any CPU
		{2CAC1B79-96CF-4235-B898-F69087AF3A8E}.Debug|ARM64.Build.0 = Debug|Any CPU
		{2CAC1B79-96CF-4235-B898-F69087AF3A8E}.Debug|x64.ActiveCfg = Debug|Any CPU
		{2CAC1B79-96CF-4235-B898-F69087AF3A8E}.Debug|x64.Build.0 = Debug|Any CPU
		{2CAC1B79-96CF-4235-B898-F69087AF3A8E}.Debug|x86.ActiveCfg = Debug|Any CPU
		{2CAC1B79-96CF-4235-B898-F69087AF3A8E}.Debug|x86.Build.0 = Debug|Any CPU
		{2CAC1B79-96CF-4235-B898-F69087AF3A8E}.Release|Any CPU.ActiveCfg = Release|Any CPU
		{2CAC1B79-96CF-4235-B898-F69087AF3A8E}.Release|Any CPU.Build.0 = Release|Any CPU
		{2CAC1B79-96CF-4235-B898-F69087AF3A8E}.Release|ARM.ActiveCfg = Release|Any CPU
		{2CAC1B79-96CF-4235-B898-F69087AF3A8E}.Release|ARM.Build.0 = Release|Any CPU
		{2CAC1B79-96CF-4235-B898-F69087AF3A8E}.Release|ARM64.ActiveCfg = Release|Any CPU
		{2CAC1B79-96CF-4235-B898-F69087AF3A8E}.Release|ARM64.Build.0 = Release|Any CPU
		{2CAC1B79-96CF-4235-B898-F69087AF3A8E}.Release|x64.ActiveCfg = Release|Any CPU
		{2CAC1B79-96CF-4235-B898-F69087AF3A8E}.Release|x64.Build.0 = Release|Any CPU
		{2CAC1B79-96CF-4235-B898-F69087AF3A8E}.Release|x86.ActiveCfg = Release|Any CPU
		{2CAC1B79-96CF-4235-B898-F69087AF3A8E}.Release|x86.Build.0 = Release|Any CPU
		{4DC6B901-4781-4849-8600-5F353DCFD9F8}.Debug|Any CPU.ActiveCfg = Debug|Any CPU
		{4DC6B901-4781-4849-8600-5F353DCFD9F8}.Debug|Any CPU.Build.0 = Debug|Any CPU
		{4DC6B901-4781-4849-8600-5F353DCFD9F8}.Debug|ARM.ActiveCfg = Debug|Any CPU
		{4DC6B901-4781-4849-8600-5F353DCFD9F8}.Debug|ARM.Build.0 = Debug|Any CPU
		{4DC6B901-4781-4849-8600-5F353DCFD9F8}.Debug|ARM64.ActiveCfg = Debug|Any CPU
		{4DC6B901-4781-4849-8600-5F353DCFD9F8}.Debug|ARM64.Build.0 = Debug|Any CPU
		{4DC6B901-4781-4849-8600-5F353DCFD9F8}.Debug|x64.ActiveCfg = Debug|Any CPU
		{4DC6B901-4781-4849-8600-5F353DCFD9F8}.Debug|x64.Build.0 = Debug|Any CPU
		{4DC6B901-4781-4849-8600-5F353DCFD9F8}.Debug|x86.ActiveCfg = Debug|Any CPU
		{4DC6B901-4781-4849-8600-5F353DCFD9F8}.Debug|x86.Build.0 = Debug|Any CPU
		{4DC6B901-4781-4849-8600-5F353DCFD9F8}.Release|Any CPU.ActiveCfg = Release|Any CPU
		{4DC6B901-4781-4849-8600-5F353DCFD9F8}.Release|Any CPU.Build.0 = Release|Any CPU
		{4DC6B901-4781-4849-8600-5F353DCFD9F8}.Release|ARM.ActiveCfg = Release|Any CPU
		{4DC6B901-4781-4849-8600-5F353DCFD9F8}.Release|ARM.Build.0 = Release|Any CPU
		{4DC6B901-4781-4849-8600-5F353DCFD9F8}.Release|ARM64.ActiveCfg = Release|Any CPU
		{4DC6B901-4781-4849-8600-5F353DCFD9F8}.Release|ARM64.Build.0 = Release|Any CPU
		{4DC6B901-4781-4849-8600-5F353DCFD9F8}.Release|x64.ActiveCfg = Release|Any CPU
		{4DC6B901-4781-4849-8600-5F353DCFD9F8}.Release|x64.Build.0 = Release|Any CPU
		{4DC6B901-4781-4849-8600-5F353DCFD9F8}.Release|x86.ActiveCfg = Release|Any CPU
		{4DC6B901-4781-4849-8600-5F353DCFD9F8}.Release|x86.Build.0 = Release|Any CPU
		{1A40A8E7-2C0A-4FCA-A05A-2B1819246453}.Debug|Any CPU.ActiveCfg = Debug|Any CPU
		{1A40A8E7-2C0A-4FCA-A05A-2B1819246453}.Debug|Any CPU.Build.0 = Debug|Any CPU
		{1A40A8E7-2C0A-4FCA-A05A-2B1819246453}.Debug|ARM.ActiveCfg = Debug|Any CPU
		{1A40A8E7-2C0A-4FCA-A05A-2B1819246453}.Debug|ARM.Build.0 = Debug|Any CPU
		{1A40A8E7-2C0A-4FCA-A05A-2B1819246453}.Debug|ARM64.ActiveCfg = Debug|Any CPU
		{1A40A8E7-2C0A-4FCA-A05A-2B1819246453}.Debug|ARM64.Build.0 = Debug|Any CPU
		{1A40A8E7-2C0A-4FCA-A05A-2B1819246453}.Debug|x64.ActiveCfg = Debug|Any CPU
		{1A40A8E7-2C0A-4FCA-A05A-2B1819246453}.Debug|x64.Build.0 = Debug|Any CPU
		{1A40A8E7-2C0A-4FCA-A05A-2B1819246453}.Debug|x86.ActiveCfg = Debug|Any CPU
		{1A40A8E7-2C0A-4FCA-A05A-2B1819246453}.Debug|x86.Build.0 = Debug|Any CPU
		{1A40A8E7-2C0A-4FCA-A05A-2B1819246453}.Release|Any CPU.ActiveCfg = Release|Any CPU
		{1A40A8E7-2C0A-4FCA-A05A-2B1819246453}.Release|Any CPU.Build.0 = Release|Any CPU
		{1A40A8E7-2C0A-4FCA-A05A-2B1819246453}.Release|ARM.ActiveCfg = Release|Any CPU
		{1A40A8E7-2C0A-4FCA-A05A-2B1819246453}.Release|ARM.Build.0 = Release|Any CPU
		{1A40A8E7-2C0A-4FCA-A05A-2B1819246453}.Release|ARM64.ActiveCfg = Release|Any CPU
		{1A40A8E7-2C0A-4FCA-A05A-2B1819246453}.Release|ARM64.Build.0 = Release|Any CPU
		{1A40A8E7-2C0A-4FCA-A05A-2B1819246453}.Release|x64.ActiveCfg = Release|Any CPU
		{1A40A8E7-2C0A-4FCA-A05A-2B1819246453}.Release|x64.Build.0 = Release|Any CPU
		{1A40A8E7-2C0A-4FCA-A05A-2B1819246453}.Release|x86.ActiveCfg = Release|Any CPU
		{1A40A8E7-2C0A-4FCA-A05A-2B1819246453}.Release|x86.Build.0 = Release|Any CPU
		{E7E3BF54-0B6D-47FF-A842-230226B3D74A}.Debug|Any CPU.ActiveCfg = Debug|Any CPU
		{E7E3BF54-0B6D-47FF-A842-230226B3D74A}.Debug|Any CPU.Build.0 = Debug|Any CPU
		{E7E3BF54-0B6D-47FF-A842-230226B3D74A}.Debug|ARM.ActiveCfg = Debug|Any CPU
		{E7E3BF54-0B6D-47FF-A842-230226B3D74A}.Debug|ARM.Build.0 = Debug|Any CPU
		{E7E3BF54-0B6D-47FF-A842-230226B3D74A}.Debug|ARM64.ActiveCfg = Debug|Any CPU
		{E7E3BF54-0B6D-47FF-A842-230226B3D74A}.Debug|ARM64.Build.0 = Debug|Any CPU
		{E7E3BF54-0B6D-47FF-A842-230226B3D74A}.Debug|x64.ActiveCfg = Debug|Any CPU
		{E7E3BF54-0B6D-47FF-A842-230226B3D74A}.Debug|x64.Build.0 = Debug|Any CPU
		{E7E3BF54-0B6D-47FF-A842-230226B3D74A}.Debug|x86.ActiveCfg = Debug|Any CPU
		{E7E3BF54-0B6D-47FF-A842-230226B3D74A}.Debug|x86.Build.0 = Debug|Any CPU
		{E7E3BF54-0B6D-47FF-A842-230226B3D74A}.Release|Any CPU.ActiveCfg = Release|Any CPU
		{E7E3BF54-0B6D-47FF-A842-230226B3D74A}.Release|Any CPU.Build.0 = Release|Any CPU
		{E7E3BF54-0B6D-47FF-A842-230226B3D74A}.Release|ARM.ActiveCfg = Release|Any CPU
		{E7E3BF54-0B6D-47FF-A842-230226B3D74A}.Release|ARM.Build.0 = Release|Any CPU
		{E7E3BF54-0B6D-47FF-A842-230226B3D74A}.Release|ARM64.ActiveCfg = Release|Any CPU
		{E7E3BF54-0B6D-47FF-A842-230226B3D74A}.Release|ARM64.Build.0 = Release|Any CPU
		{E7E3BF54-0B6D-47FF-A842-230226B3D74A}.Release|x64.ActiveCfg = Release|Any CPU
		{E7E3BF54-0B6D-47FF-A842-230226B3D74A}.Release|x64.Build.0 = Release|Any CPU
		{E7E3BF54-0B6D-47FF-A842-230226B3D74A}.Release|x86.ActiveCfg = Release|Any CPU
		{E7E3BF54-0B6D-47FF-A842-230226B3D74A}.Release|x86.Build.0 = Release|Any CPU
		{6150F375-A215-421C-858B-86F52372FE66}.Debug|Any CPU.ActiveCfg = Debug|Any CPU
		{6150F375-A215-421C-858B-86F52372FE66}.Debug|Any CPU.Build.0 = Debug|Any CPU
		{6150F375-A215-421C-858B-86F52372FE66}.Debug|ARM.ActiveCfg = Debug|Any CPU
		{6150F375-A215-421C-858B-86F52372FE66}.Debug|ARM.Build.0 = Debug|Any CPU
		{6150F375-A215-421C-858B-86F52372FE66}.Debug|ARM64.ActiveCfg = Debug|Any CPU
		{6150F375-A215-421C-858B-86F52372FE66}.Debug|ARM64.Build.0 = Debug|Any CPU
		{6150F375-A215-421C-858B-86F52372FE66}.Debug|x64.ActiveCfg = Debug|Any CPU
		{6150F375-A215-421C-858B-86F52372FE66}.Debug|x64.Build.0 = Debug|Any CPU
		{6150F375-A215-421C-858B-86F52372FE66}.Debug|x86.ActiveCfg = Debug|Any CPU
		{6150F375-A215-421C-858B-86F52372FE66}.Debug|x86.Build.0 = Debug|Any CPU
		{6150F375-A215-421C-858B-86F52372FE66}.Release|Any CPU.ActiveCfg = Release|Any CPU
		{6150F375-A215-421C-858B-86F52372FE66}.Release|Any CPU.Build.0 = Release|Any CPU
		{6150F375-A215-421C-858B-86F52372FE66}.Release|ARM.ActiveCfg = Release|Any CPU
		{6150F375-A215-421C-858B-86F52372FE66}.Release|ARM.Build.0 = Release|Any CPU
		{6150F375-A215-421C-858B-86F52372FE66}.Release|ARM64.ActiveCfg = Release|Any CPU
		{6150F375-A215-421C-858B-86F52372FE66}.Release|ARM64.Build.0 = Release|Any CPU
		{6150F375-A215-421C-858B-86F52372FE66}.Release|x64.ActiveCfg = Release|Any CPU
		{6150F375-A215-421C-858B-86F52372FE66}.Release|x64.Build.0 = Release|Any CPU
		{6150F375-A215-421C-858B-86F52372FE66}.Release|x86.ActiveCfg = Release|Any CPU
		{6150F375-A215-421C-858B-86F52372FE66}.Release|x86.Build.0 = Release|Any CPU
		{3F7C32A8-733D-480D-916D-A438EAC49FF7}.Debug|Any CPU.ActiveCfg = Debug|Any CPU
		{3F7C32A8-733D-480D-916D-A438EAC49FF7}.Debug|Any CPU.Build.0 = Debug|Any CPU
		{3F7C32A8-733D-480D-916D-A438EAC49FF7}.Debug|ARM.ActiveCfg = Debug|Any CPU
		{3F7C32A8-733D-480D-916D-A438EAC49FF7}.Debug|ARM.Build.0 = Debug|Any CPU
		{3F7C32A8-733D-480D-916D-A438EAC49FF7}.Debug|ARM64.ActiveCfg = Debug|Any CPU
		{3F7C32A8-733D-480D-916D-A438EAC49FF7}.Debug|ARM64.Build.0 = Debug|Any CPU
		{3F7C32A8-733D-480D-916D-A438EAC49FF7}.Debug|x64.ActiveCfg = Debug|Any CPU
		{3F7C32A8-733D-480D-916D-A438EAC49FF7}.Debug|x64.Build.0 = Debug|Any CPU
		{3F7C32A8-733D-480D-916D-A438EAC49FF7}.Debug|x86.ActiveCfg = Debug|Any CPU
		{3F7C32A8-733D-480D-916D-A438EAC49FF7}.Debug|x86.Build.0 = Debug|Any CPU
		{3F7C32A8-733D-480D-916D-A438EAC49FF7}.Release|Any CPU.ActiveCfg = Release|Any CPU
		{3F7C32A8-733D-480D-916D-A438EAC49FF7}.Release|Any CPU.Build.0 = Release|Any CPU
		{3F7C32A8-733D-480D-916D-A438EAC49FF7}.Release|ARM.ActiveCfg = Release|Any CPU
		{3F7C32A8-733D-480D-916D-A438EAC49FF7}.Release|ARM.Build.0 = Release|Any CPU
		{3F7C32A8-733D-480D-916D-A438EAC49FF7}.Release|ARM64.ActiveCfg = Release|Any CPU
		{3F7C32A8-733D-480D-916D-A438EAC49FF7}.Release|ARM64.Build.0 = Release|Any CPU
		{3F7C32A8-733D-480D-916D-A438EAC49FF7}.Release|x64.ActiveCfg = Release|Any CPU
		{3F7C32A8-733D-480D-916D-A438EAC49FF7}.Release|x64.Build.0 = Release|Any CPU
		{3F7C32A8-733D-480D-916D-A438EAC49FF7}.Release|x86.ActiveCfg = Release|Any CPU
		{3F7C32A8-733D-480D-916D-A438EAC49FF7}.Release|x86.Build.0 = Release|Any CPU
		{E5B2D7DA-3C9A-4F38-A584-CE6678747F17}.Debug|Any CPU.ActiveCfg = Debug|Any CPU
		{E5B2D7DA-3C9A-4F38-A584-CE6678747F17}.Debug|Any CPU.Build.0 = Debug|Any CPU
		{E5B2D7DA-3C9A-4F38-A584-CE6678747F17}.Debug|ARM.ActiveCfg = Debug|Any CPU
		{E5B2D7DA-3C9A-4F38-A584-CE6678747F17}.Debug|ARM.Build.0 = Debug|Any CPU
		{E5B2D7DA-3C9A-4F38-A584-CE6678747F17}.Debug|ARM64.ActiveCfg = Debug|Any CPU
		{E5B2D7DA-3C9A-4F38-A584-CE6678747F17}.Debug|ARM64.Build.0 = Debug|Any CPU
		{E5B2D7DA-3C9A-4F38-A584-CE6678747F17}.Debug|x64.ActiveCfg = Debug|Any CPU
		{E5B2D7DA-3C9A-4F38-A584-CE6678747F17}.Debug|x64.Build.0 = Debug|Any CPU
		{E5B2D7DA-3C9A-4F38-A584-CE6678747F17}.Debug|x86.ActiveCfg = Debug|Any CPU
		{E5B2D7DA-3C9A-4F38-A584-CE6678747F17}.Debug|x86.Build.0 = Debug|Any CPU
		{E5B2D7DA-3C9A-4F38-A584-CE6678747F17}.Release|Any CPU.ActiveCfg = Release|Any CPU
		{E5B2D7DA-3C9A-4F38-A584-CE6678747F17}.Release|Any CPU.Build.0 = Release|Any CPU
		{E5B2D7DA-3C9A-4F38-A584-CE6678747F17}.Release|ARM.ActiveCfg = Release|Any CPU
		{E5B2D7DA-3C9A-4F38-A584-CE6678747F17}.Release|ARM.Build.0 = Release|Any CPU
		{E5B2D7DA-3C9A-4F38-A584-CE6678747F17}.Release|ARM64.ActiveCfg = Release|Any CPU
		{E5B2D7DA-3C9A-4F38-A584-CE6678747F17}.Release|ARM64.Build.0 = Release|Any CPU
		{E5B2D7DA-3C9A-4F38-A584-CE6678747F17}.Release|x64.ActiveCfg = Release|Any CPU
		{E5B2D7DA-3C9A-4F38-A584-CE6678747F17}.Release|x64.Build.0 = Release|Any CPU
		{E5B2D7DA-3C9A-4F38-A584-CE6678747F17}.Release|x86.ActiveCfg = Release|Any CPU
		{E5B2D7DA-3C9A-4F38-A584-CE6678747F17}.Release|x86.Build.0 = Release|Any CPU
		{A14CDA3E-D70A-4BDE-88F7-0EA8196EE0B9}.Debug|Any CPU.ActiveCfg = Debug|Any CPU
		{A14CDA3E-D70A-4BDE-88F7-0EA8196EE0B9}.Debug|Any CPU.Build.0 = Debug|Any CPU
		{A14CDA3E-D70A-4BDE-88F7-0EA8196EE0B9}.Debug|ARM.ActiveCfg = Debug|Any CPU
		{A14CDA3E-D70A-4BDE-88F7-0EA8196EE0B9}.Debug|ARM.Build.0 = Debug|Any CPU
		{A14CDA3E-D70A-4BDE-88F7-0EA8196EE0B9}.Debug|ARM64.ActiveCfg = Debug|Any CPU
		{A14CDA3E-D70A-4BDE-88F7-0EA8196EE0B9}.Debug|ARM64.Build.0 = Debug|Any CPU
		{A14CDA3E-D70A-4BDE-88F7-0EA8196EE0B9}.Debug|x64.ActiveCfg = Debug|Any CPU
		{A14CDA3E-D70A-4BDE-88F7-0EA8196EE0B9}.Debug|x64.Build.0 = Debug|Any CPU
		{A14CDA3E-D70A-4BDE-88F7-0EA8196EE0B9}.Debug|x86.ActiveCfg = Debug|Any CPU
		{A14CDA3E-D70A-4BDE-88F7-0EA8196EE0B9}.Debug|x86.Build.0 = Debug|Any CPU
		{A14CDA3E-D70A-4BDE-88F7-0EA8196EE0B9}.Release|Any CPU.ActiveCfg = Release|Any CPU
		{A14CDA3E-D70A-4BDE-88F7-0EA8196EE0B9}.Release|Any CPU.Build.0 = Release|Any CPU
		{A14CDA3E-D70A-4BDE-88F7-0EA8196EE0B9}.Release|ARM.ActiveCfg = Release|Any CPU
		{A14CDA3E-D70A-4BDE-88F7-0EA8196EE0B9}.Release|ARM.Build.0 = Release|Any CPU
		{A14CDA3E-D70A-4BDE-88F7-0EA8196EE0B9}.Release|ARM64.ActiveCfg = Release|Any CPU
		{A14CDA3E-D70A-4BDE-88F7-0EA8196EE0B9}.Release|ARM64.Build.0 = Release|Any CPU
		{A14CDA3E-D70A-4BDE-88F7-0EA8196EE0B9}.Release|x64.ActiveCfg = Release|Any CPU
		{A14CDA3E-D70A-4BDE-88F7-0EA8196EE0B9}.Release|x64.Build.0 = Release|Any CPU
		{A14CDA3E-D70A-4BDE-88F7-0EA8196EE0B9}.Release|x86.ActiveCfg = Release|Any CPU
		{A14CDA3E-D70A-4BDE-88F7-0EA8196EE0B9}.Release|x86.Build.0 = Release|Any CPU
		{DF171CF3-95C0-4579-A2EF-A1E5B0DB699F}.Debug|Any CPU.ActiveCfg = Debug|Any CPU
		{DF171CF3-95C0-4579-A2EF-A1E5B0DB699F}.Debug|Any CPU.Build.0 = Debug|Any CPU
		{DF171CF3-95C0-4579-A2EF-A1E5B0DB699F}.Debug|ARM.ActiveCfg = Debug|Any CPU
		{DF171CF3-95C0-4579-A2EF-A1E5B0DB699F}.Debug|ARM.Build.0 = Debug|Any CPU
		{DF171CF3-95C0-4579-A2EF-A1E5B0DB699F}.Debug|ARM64.ActiveCfg = Debug|Any CPU
		{DF171CF3-95C0-4579-A2EF-A1E5B0DB699F}.Debug|ARM64.Build.0 = Debug|Any CPU
		{DF171CF3-95C0-4579-A2EF-A1E5B0DB699F}.Debug|x64.ActiveCfg = Debug|Any CPU
		{DF171CF3-95C0-4579-A2EF-A1E5B0DB699F}.Debug|x64.Build.0 = Debug|Any CPU
		{DF171CF3-95C0-4579-A2EF-A1E5B0DB699F}.Debug|x86.ActiveCfg = Debug|Any CPU
		{DF171CF3-95C0-4579-A2EF-A1E5B0DB699F}.Debug|x86.Build.0 = Debug|Any CPU
		{DF171CF3-95C0-4579-A2EF-A1E5B0DB699F}.Release|Any CPU.ActiveCfg = Release|Any CPU
		{DF171CF3-95C0-4579-A2EF-A1E5B0DB699F}.Release|Any CPU.Build.0 = Release|Any CPU
		{DF171CF3-95C0-4579-A2EF-A1E5B0DB699F}.Release|ARM.ActiveCfg = Release|Any CPU
		{DF171CF3-95C0-4579-A2EF-A1E5B0DB699F}.Release|ARM.Build.0 = Release|Any CPU
		{DF171CF3-95C0-4579-A2EF-A1E5B0DB699F}.Release|ARM64.ActiveCfg = Release|Any CPU
		{DF171CF3-95C0-4579-A2EF-A1E5B0DB699F}.Release|ARM64.Build.0 = Release|Any CPU
		{DF171CF3-95C0-4579-A2EF-A1E5B0DB699F}.Release|x64.ActiveCfg = Release|Any CPU
		{DF171CF3-95C0-4579-A2EF-A1E5B0DB699F}.Release|x64.Build.0 = Release|Any CPU
		{DF171CF3-95C0-4579-A2EF-A1E5B0DB699F}.Release|x86.ActiveCfg = Release|Any CPU
		{DF171CF3-95C0-4579-A2EF-A1E5B0DB699F}.Release|x86.Build.0 = Release|Any CPU
		{1BFED1A5-C205-4B32-9E34-51549D93D446}.Debug|Any CPU.ActiveCfg = Debug|Any CPU
		{1BFED1A5-C205-4B32-9E34-51549D93D446}.Debug|Any CPU.Build.0 = Debug|Any CPU
		{1BFED1A5-C205-4B32-9E34-51549D93D446}.Debug|ARM.ActiveCfg = Debug|Any CPU
		{1BFED1A5-C205-4B32-9E34-51549D93D446}.Debug|ARM.Build.0 = Debug|Any CPU
		{1BFED1A5-C205-4B32-9E34-51549D93D446}.Debug|ARM64.ActiveCfg = Debug|Any CPU
		{1BFED1A5-C205-4B32-9E34-51549D93D446}.Debug|ARM64.Build.0 = Debug|Any CPU
		{1BFED1A5-C205-4B32-9E34-51549D93D446}.Debug|x64.ActiveCfg = Debug|Any CPU
		{1BFED1A5-C205-4B32-9E34-51549D93D446}.Debug|x64.Build.0 = Debug|Any CPU
		{1BFED1A5-C205-4B32-9E34-51549D93D446}.Debug|x86.ActiveCfg = Debug|Any CPU
		{1BFED1A5-C205-4B32-9E34-51549D93D446}.Debug|x86.Build.0 = Debug|Any CPU
		{1BFED1A5-C205-4B32-9E34-51549D93D446}.Release|Any CPU.ActiveCfg = Release|Any CPU
		{1BFED1A5-C205-4B32-9E34-51549D93D446}.Release|Any CPU.Build.0 = Release|Any CPU
		{1BFED1A5-C205-4B32-9E34-51549D93D446}.Release|ARM.ActiveCfg = Release|Any CPU
		{1BFED1A5-C205-4B32-9E34-51549D93D446}.Release|ARM.Build.0 = Release|Any CPU
		{1BFED1A5-C205-4B32-9E34-51549D93D446}.Release|ARM64.ActiveCfg = Release|Any CPU
		{1BFED1A5-C205-4B32-9E34-51549D93D446}.Release|ARM64.Build.0 = Release|Any CPU
		{1BFED1A5-C205-4B32-9E34-51549D93D446}.Release|x64.ActiveCfg = Release|Any CPU
		{1BFED1A5-C205-4B32-9E34-51549D93D446}.Release|x64.Build.0 = Release|Any CPU
		{1BFED1A5-C205-4B32-9E34-51549D93D446}.Release|x86.ActiveCfg = Release|Any CPU
		{1BFED1A5-C205-4B32-9E34-51549D93D446}.Release|x86.Build.0 = Release|Any CPU
		{C9D12934-6F40-4B28-8C51-2BA442347B4C}.Debug|Any CPU.ActiveCfg = Debug|Any CPU
		{C9D12934-6F40-4B28-8C51-2BA442347B4C}.Debug|Any CPU.Build.0 = Debug|Any CPU
		{C9D12934-6F40-4B28-8C51-2BA442347B4C}.Debug|ARM.ActiveCfg = Debug|Any CPU
		{C9D12934-6F40-4B28-8C51-2BA442347B4C}.Debug|ARM.Build.0 = Debug|Any CPU
		{C9D12934-6F40-4B28-8C51-2BA442347B4C}.Debug|ARM64.ActiveCfg = Debug|Any CPU
		{C9D12934-6F40-4B28-8C51-2BA442347B4C}.Debug|ARM64.Build.0 = Debug|Any CPU
		{C9D12934-6F40-4B28-8C51-2BA442347B4C}.Debug|x64.ActiveCfg = Debug|Any CPU
		{C9D12934-6F40-4B28-8C51-2BA442347B4C}.Debug|x64.Build.0 = Debug|Any CPU
		{C9D12934-6F40-4B28-8C51-2BA442347B4C}.Debug|x86.ActiveCfg = Debug|Any CPU
		{C9D12934-6F40-4B28-8C51-2BA442347B4C}.Debug|x86.Build.0 = Debug|Any CPU
		{C9D12934-6F40-4B28-8C51-2BA442347B4C}.Release|Any CPU.ActiveCfg = Release|Any CPU
		{C9D12934-6F40-4B28-8C51-2BA442347B4C}.Release|Any CPU.Build.0 = Release|Any CPU
		{C9D12934-6F40-4B28-8C51-2BA442347B4C}.Release|ARM.ActiveCfg = Release|Any CPU
		{C9D12934-6F40-4B28-8C51-2BA442347B4C}.Release|ARM.Build.0 = Release|Any CPU
		{C9D12934-6F40-4B28-8C51-2BA442347B4C}.Release|ARM64.ActiveCfg = Release|Any CPU
		{C9D12934-6F40-4B28-8C51-2BA442347B4C}.Release|ARM64.Build.0 = Release|Any CPU
		{C9D12934-6F40-4B28-8C51-2BA442347B4C}.Release|x64.ActiveCfg = Release|Any CPU
		{C9D12934-6F40-4B28-8C51-2BA442347B4C}.Release|x64.Build.0 = Release|Any CPU
		{C9D12934-6F40-4B28-8C51-2BA442347B4C}.Release|x86.ActiveCfg = Release|Any CPU
		{C9D12934-6F40-4B28-8C51-2BA442347B4C}.Release|x86.Build.0 = Release|Any CPU
		{58A5F883-AE1B-413B-85CC-E7AB4CDEDB0B}.Debug|Any CPU.ActiveCfg = Debug|Any CPU
		{58A5F883-AE1B-413B-85CC-E7AB4CDEDB0B}.Debug|Any CPU.Build.0 = Debug|Any CPU
		{58A5F883-AE1B-413B-85CC-E7AB4CDEDB0B}.Debug|ARM.ActiveCfg = Debug|Any CPU
		{58A5F883-AE1B-413B-85CC-E7AB4CDEDB0B}.Debug|ARM.Build.0 = Debug|Any CPU
		{58A5F883-AE1B-413B-85CC-E7AB4CDEDB0B}.Debug|ARM64.ActiveCfg = Debug|Any CPU
		{58A5F883-AE1B-413B-85CC-E7AB4CDEDB0B}.Debug|ARM64.Build.0 = Debug|Any CPU
		{58A5F883-AE1B-413B-85CC-E7AB4CDEDB0B}.Debug|x64.ActiveCfg = Debug|Any CPU
		{58A5F883-AE1B-413B-85CC-E7AB4CDEDB0B}.Debug|x64.Build.0 = Debug|Any CPU
		{58A5F883-AE1B-413B-85CC-E7AB4CDEDB0B}.Debug|x86.ActiveCfg = Debug|Any CPU
		{58A5F883-AE1B-413B-85CC-E7AB4CDEDB0B}.Debug|x86.Build.0 = Debug|Any CPU
		{58A5F883-AE1B-413B-85CC-E7AB4CDEDB0B}.Release|Any CPU.ActiveCfg = Release|Any CPU
		{58A5F883-AE1B-413B-85CC-E7AB4CDEDB0B}.Release|Any CPU.Build.0 = Release|Any CPU
		{58A5F883-AE1B-413B-85CC-E7AB4CDEDB0B}.Release|ARM.ActiveCfg = Release|Any CPU
		{58A5F883-AE1B-413B-85CC-E7AB4CDEDB0B}.Release|ARM.Build.0 = Release|Any CPU
		{58A5F883-AE1B-413B-85CC-E7AB4CDEDB0B}.Release|ARM64.ActiveCfg = Release|Any CPU
		{58A5F883-AE1B-413B-85CC-E7AB4CDEDB0B}.Release|ARM64.Build.0 = Release|Any CPU
		{58A5F883-AE1B-413B-85CC-E7AB4CDEDB0B}.Release|x64.ActiveCfg = Release|Any CPU
		{58A5F883-AE1B-413B-85CC-E7AB4CDEDB0B}.Release|x64.Build.0 = Release|Any CPU
		{58A5F883-AE1B-413B-85CC-E7AB4CDEDB0B}.Release|x86.ActiveCfg = Release|Any CPU
		{58A5F883-AE1B-413B-85CC-E7AB4CDEDB0B}.Release|x86.Build.0 = Release|Any CPU
	EndGlobalSection
	GlobalSection(SolutionProperties) = preSolution
		HideSolutionNode = FALSE
	EndGlobalSection
	GlobalSection(NestedProjects) = preSolution
		{DEAA6805-DE49-47D1-AD3A-BB5FF88BAA19} = {53CA1251-8127-4697-A213-DB08723E1DE9}
		{3F8BFD07-DCC2-47DE-A980-6A9DC4E0D733} = {53CA1251-8127-4697-A213-DB08723E1DE9}
	EndGlobalSection
	GlobalSection(ExtensibilityGlobals) = postSolution
		SolutionGuid = {AD684207-C274-4CE9-93C8-28D7EE81CB48}
	EndGlobalSection
EndGlobal
